
Microsoft Visual Studio Solution File, Format Version 12.00
# Visual Studio Version 16
VisualStudioVersion = 16.0.31025.194
MinimumVisualStudioVersion = 10.0.40219.1
Project("{FAE04EC0-301F-11D3-BF4B-00C04F79EFBC}") = "ProjectCore", "ProjectCore\ProjectCore.csproj", "{64DEF933-455F-407F-B09A-240E10F0B706}"
EndProject
Project("{FAE04EC0-301F-11D3-BF4B-00C04F79EFBC}") = "ProjectConsole", "ProjectConsole\ProjectConsole.csproj", "{8931DCA8-9E23-4F35-BC49-070AE483F6DF}"
EndProject
Global
	GlobalSection(SolutionConfigurationPlatforms) = preSolution
		Debug|Any CPU = Debug|Any CPU
		Release|Any CPU = Release|Any CPU
	EndGlobalSection
	GlobalSection(ProjectConfigurationPlatforms) = postSolution
		{64DEF933-455F-407F-B09A-240E10F0B706}.Debug|Any CPU.ActiveCfg = Debug|Any CPU
		{64DEF933-455F-407F-B09A-240E10F0B706}.Debug|Any CPU.Build.0 = Debug|Any CPU
		{64DEF933-455F-407F-B09A-240E10F0B706}.Release|Any CPU.ActiveCfg = Release|Any CPU
		{64DEF933-455F-407F-B09A-240E10F0B706}.Release|Any CPU.Build.0 = Release|Any CPU
		{8931DCA8-9E23-4F35-BC49-070AE483F6DF}.Debug|Any CPU.ActiveCfg = Debug|Any CPU
		{8931DCA8-9E23-4F35-BC49-070AE483F6DF}.Debug|Any CPU.Build.0 = Debug|Any CPU
		{8931DCA8-9E23-4F35-BC49-070AE483F6DF}.Release|Any CPU.ActiveCfg = Release|Any CPU
		{8931DCA8-9E23-4F35-BC49-070AE483F6DF}.Release|Any CPU.Build.0 = Release|Any CPU
	EndGlobalSection
	GlobalSection(SolutionProperties) = preSolution
		HideSolutionNode = FALSE
	EndGlobalSection
	GlobalSection(ExtensibilityGlobals) = postSolution
		SolutionGuid = {A503F55B-7C00-4744-BE10-C5F524590889}
	EndGlobalSection
EndGlobal
